
Microsoft Visual Studio Solution File, Format Version 12.00
# Visual Studio Version 16
VisualStudioVersion = 16.0.29728.190
MinimumVisualStudioVersion = 10.0.40219.1
Project("{FAE04EC0-301F-11D3-BF4B-00C04F79EFBC}") = "PravetsFinalProject", "PravetsFinalProject\PravetsFinalProject.csproj", "{D598849E-F34D-4BFF-90B0-E51A7B81ABA3}"
EndProject
Global
	GlobalSection(SolutionConfigurationPlatforms) = preSolution
		Debug|Any CPU = Debug|Any CPU
		Release|Any CPU = Release|Any CPU
	EndGlobalSection
	GlobalSection(ProjectConfigurationPlatforms) = postSolution
		{D598849E-F34D-4BFF-90B0-E51A7B81ABA3}.Debug|Any CPU.ActiveCfg = Debug|Any CPU
		{D598849E-F34D-4BFF-90B0-E51A7B81ABA3}.Debug|Any CPU.Build.0 = Debug|Any CPU
		{D598849E-F34D-4BFF-90B0-E51A7B81ABA3}.Release|Any CPU.ActiveCfg = Release|Any CPU
		{D598849E-F34D-4BFF-90B0-E51A7B81ABA3}.Release|Any CPU.Build.0 = Release|Any CPU
	EndGlobalSection
	GlobalSection(SolutionProperties) = preSolution
		HideSolutionNode = FALSE
	EndGlobalSection
	GlobalSection(ExtensibilityGlobals) = postSolution
		SolutionGuid = {52FB15A4-4786-4FD5-B135-9345931F207A}
	EndGlobalSection
EndGlobal
